{
  "name": "treehacks-2025",
  "lockfileVersion": 3,
  "requires": true,
  "packages": {
    "": {
      "devDependencies": {
        "@types/w3c-image-capture": "^1.0.10"
      }
    },
    "node_modules/@types/w3c-image-capture": {
      "version": "1.0.10",
      "resolved": "https://registry.npmjs.org/@types/w3c-image-capture/-/w3c-image-capture-1.0.10.tgz",
      "integrity": "sha512-7DR36sb0os7qVy2HI9wW6BV9oFjZVA8xnKM0cZGdL5XKa6ZgurA+U8T8xUNccERiWkvk641bAItMWCU++1B7jg==",
      "dev": true,
      "license": "MIT",
      "dependencies": {
        "@types/webrtc": "*"
      }
    },
    "node_modules/@types/webrtc": {
      "version": "0.0.44",
      "resolved": "https://registry.npmjs.org/@types/webrtc/-/webrtc-0.0.44.tgz",
      "integrity": "sha512-4BJZdzrApNFeuXgucyqs24k69f7oti3wUcGEbFbaV08QBh7yEe3tnRRuYXlyXJNXiumpZujiZqUZZ2/gMSeO0g==",
      "dev": true,
      "license": "MIT"
    }
  }
}
